{
  "nodes": {
    "nixpkgs": {
      "locked": {
        "lastModified": 1698246449,
        "narHash": "sha256-CjujSzmCRCTNYEt0mvJSqRcRqoePgJvBT2UAZrjJpMM=",
        "owner": "NixOS",
        "repo": "nixpkgs",
        "rev": "90727298f23aeb952c322b58225c8e25ca68e145",
        "type": "github"
      },
      "original": {
        "owner": "nixos",
        "ref": "nixos-unstable",
        "repo": "nixpkgs",
        "type": "github"
      }
    },
    "root": {
      "inputs": {
        "nixpkgs": "nixpkgs"
      }
    }
  },
  "root": "root",
  "version": 7
}
